// !$*UTF8*$!
{
	archiveVersion = 1;
	classes = {
	};
	objectVersion = 46;
	objects = {

/* Begin PBXBuildFile section */
		EF5C9CC41E258D8600BCA2B9 /* AppDelegate.swift in Sources */ = {isa = PBXBuildFile; fileRef = EF5C9CC31E258D8600BCA2B9 /* AppDelegate.swift */; };
		EF5C9CC61E258D8600BCA2B9 /* MasterViewController.swift in Sources */ = {isa = PBXBuildFile; fileRef = EF5C9CC51E258D8600BCA2B9 /* MasterViewController.swift */; };
		EF5C9CC81E258D8600BCA2B9 /* DetailViewController.swift in Sources */ = {isa = PBXBuildFile; fileRef = EF5C9CC71E258D8600BCA2B9 /* DetailViewController.swift */; };
		EF5C9CCB1E258D8600BCA2B9 /* Main.storyboard in Resources */ = {isa = PBXBuildFile; fileRef = EF5C9CC91E258D8600BCA2B9 /* Main.storyboard */; };
		EF5C9CCD1E258D8600BCA2B9 /* Assets.xcassets in Resources */ = {isa = PBXBuildFile; fileRef = EF5C9CCC1E258D8600BCA2B9 /* Assets.xcassets */; };
		EF5C9CD01E258D8600BCA2B9 /* LaunchScreen.storyboard in Resources */ = {isa = PBXBuildFile; fileRef = EF5C9CCE1E258D8600BCA2B9 /* LaunchScreen.storyboard */; };
		EF8180FE1E25952600909275 /* TestdoUITests.swift in Sources */ = {isa = PBXBuildFile; fileRef = EF8180FD1E25952600909275 /* TestdoUITests.swift */; };
/* End PBXBuildFile section */

/* Begin PBXContainerItemProxy section */
		EF8181001E25952600909275 /* PBXContainerItemProxy */ = {
			isa = PBXContainerItemProxy;
			containerPortal = EF5C9CB81E258D8600BCA2B9 /* Project object */;
			proxyType = 1;
			remoteGlobalIDString = EF5C9CBF1E258D8600BCA2B9;
			remoteInfo = Testdo;
		};
/* End PBXContainerItemProxy section */

/* Begin PBXFileReference section */
		EF5C9CC01E258D8600BCA2B9 /* Testdo.app */ = {isa = PBXFileReference; explicitFileType = wrapper.application; includeInIndex = 0; path = Testdo.app; sourceTree = BUILT_PRODUCTS_DIR; };
		EF5C9CC31E258D8600BCA2B9 /* AppDelegate.swift */ = {isa = PBXFileReference; lastKnownFileType = sourcecode.swift; path = AppDelegate.swift; sourceTree = "<group>"; };
		EF5C9CC51E258D8600BCA2B9 /* MasterViewController.swift */ = {isa = PBXFileReference; lastKnownFileType = sourcecode.swift; path = MasterViewController.swift; sourceTree = "<group>"; };
		EF5C9CC71E258D8600BCA2B9 /* DetailViewController.swift */ = {isa = PBXFileReference; lastKnownFileType = sourcecode.swift; path = DetailViewController.swift; sourceTree = "<group>"; };
		EF5C9CCA1E258D8600BCA2B9 /* Base */ = {isa = PBXFileReference; lastKnownFileType = file.storyboard; name = Base; path = Base.lproj/Main.storyboard; sourceTree = "<group>"; };
		EF5C9CCC1E258D8600BCA2B9 /* Assets.xcassets */ = {isa = PBXFileReference; lastKnownFileType = folder.assetcatalog; path = Assets.xcassets; sourceTree = "<group>"; };
		EF5C9CCF1E258D8600BCA2B9 /* Base */ = {isa = PBXFileReference; lastKnownFileType = file.storyboard; name = Base; path = Base.lproj/LaunchScreen.storyboard; sourceTree = "<group>"; };
		EF5C9CD11E258D8600BCA2B9 /* Info.plist */ = {isa = PBXFileReference; lastKnownFileType = text.plist.xml; path = Info.plist; sourceTree = "<group>"; };
		EF8180FB1E25952600909275 /* TestdoUITests.xctest */ = {isa = PBXFileReference; explicitFileType = wrapper.cfbundle; includeInIndex = 0; path = TestdoUITests.xctest; sourceTree = BUILT_PRODUCTS_DIR; };
		EF8180FD1E25952600909275 /* TestdoUITests.swift */ = {isa = PBXFileReference; lastKnownFileType = sourcecode.swift; path = TestdoUITests.swift; sourceTree = "<group>"; };
		EF8180FF1E25952600909275 /* Info.plist */ = {isa = PBXFileReference; lastKnownFileType = text.plist.xml; path = Info.plist; sourceTree = "<group>"; };
/* End PBXFileReference section */

/* Begin PBXFrameworksBuildPhase section */
		EF5C9CBD1E258D8600BCA2B9 /* Frameworks */ = {
			isa = PBXFrameworksBuildPhase;
			buildActionMask = 2147483647;
			files = (
			);
			runOnlyForDeploymentPostprocessing = 0;
		};
		EF8180F81E25952600909275 /* Frameworks */ = {
			isa = PBXFrameworksBuildPhase;
			buildActionMask = 2147483647;
			files = (
			);
			runOnlyForDeploymentPostprocessing = 0;
		};
/* End PBXFrameworksBuildPhase section */

/* Begin PBXGroup section */
		EF5C9CB71E258D8600BCA2B9 = {
			isa = PBXGroup;
			children = (
				EF5C9CC21E258D8600BCA2B9 /* Testdo */,
				EF8180FC1E25952600909275 /* TestdoUITests */,
				EF5C9CC11E258D8600BCA2B9 /* Products */,
			);
			sourceTree = "<group>";
		};
		EF5C9CC11E258D8600BCA2B9 /* Products */ = {
			isa = PBXGroup;
			children = (
				EF5C9CC01E258D8600BCA2B9 /* Testdo.app */,
				EF8180FB1E25952600909275 /* TestdoUITests.xctest */,
			);
			name = Products;
			sourceTree = "<group>";
		};
		EF5C9CC21E258D8600BCA2B9 /* Testdo */ = {
			isa = PBXGroup;
			children = (
				EF5C9CC31E258D8600BCA2B9 /* AppDelegate.swift */,
				EF5C9CC51E258D8600BCA2B9 /* MasterViewController.swift */,
				EF5C9CC71E258D8600BCA2B9 /* DetailViewController.swift */,
				EF5C9CC91E258D8600BCA2B9 /* Main.storyboard */,
				EF5C9CCC1E258D8600BCA2B9 /* Assets.xcassets */,
				EF5C9CCE1E258D8600BCA2B9 /* LaunchScreen.storyboard */,
				EF5C9CD11E258D8600BCA2B9 /* Info.plist */,
			);
			path = Testdo;
			sourceTree = "<group>";
		};
		EF8180FC1E25952600909275 /* TestdoUITests */ = {
			isa = PBXGroup;
			children = (
				EF8180FD1E25952600909275 /* TestdoUITests.swift */,
				EF8180FF1E25952600909275 /* Info.plist */,
			);
			path = TestdoUITests;
			sourceTree = "<group>";
		};
/* End PBXGroup section */

/* Begin PBXNativeTarget section */
		EF5C9CBF1E258D8600BCA2B9 /* Testdo */ = {
			isa = PBXNativeTarget;
			buildConfigurationList = EF5C9CD41E258D8600BCA2B9 /* Build configuration list for PBXNativeTarget "Testdo" */;
			buildPhases = (
				EF5C9CBC1E258D8600BCA2B9 /* Sources */,
				EF5C9CBD1E258D8600BCA2B9 /* Frameworks */,
				EF5C9CBE1E258D8600BCA2B9 /* Resources */,
			);
			buildRules = (
			);
			dependencies = (
			);
			name = Testdo;
			productName = Testdo;
			productReference = EF5C9CC01E258D8600BCA2B9 /* Testdo.app */;
			productType = "com.apple.product-type.application";
		};
		EF8180FA1E25952600909275 /* TestdoUITests */ = {
			isa = PBXNativeTarget;
			buildConfigurationList = EF8181041E25952600909275 /* Build configuration list for PBXNativeTarget "TestdoUITests" */;
			buildPhases = (
				EF8180F71E25952600909275 /* Sources */,
				EF8180F81E25952600909275 /* Frameworks */,
				EF8180F91E25952600909275 /* Resources */,
			);
			buildRules = (
			);
			dependencies = (
				EF8181011E25952600909275 /* PBXTargetDependency */,
			);
			name = TestdoUITests;
			productName = TestdoUITests;
			productReference = EF8180FB1E25952600909275 /* TestdoUITests.xctest */;
			productType = "com.apple.product-type.bundle.ui-testing";
		};
/* End PBXNativeTarget section */

/* Begin PBXProject section */
		EF5C9CB81E258D8600BCA2B9 /* Project object */ = {
			isa = PBXProject;
			attributes = {
				LastSwiftUpdateCheck = 0820;
				LastUpgradeCheck = 0820;
				ORGANIZATIONNAME = "Frozen Fire Studios";
				TargetAttributes = {
					EF5C9CBF1E258D8600BCA2B9 = {
						CreatedOnToolsVersion = 8.2.1;
						ProvisioningStyle = Automatic;
					};
					EF8180FA1E25952600909275 = {
						CreatedOnToolsVersion = 8.2.1;
						ProvisioningStyle = Automatic;
						TestTargetID = EF5C9CBF1E258D8600BCA2B9;
					};
				};
			};
			buildConfigurationList = EF5C9CBB1E258D8600BCA2B9 /* Build configuration list for PBXProject "Testdo" */;
			compatibilityVersion = "Xcode 3.2";
			developmentRegion = English;
			hasScannedForEncodings = 0;
			knownRegions = (
				en,
				Base,
			);
			mainGroup = EF5C9CB71E258D8600BCA2B9;
			productRefGroup = EF5C9CC11E258D8600BCA2B9 /* Products */;
			projectDirPath = "";
			projectRoot = "";
			targets = (
				EF5C9CBF1E258D8600BCA2B9 /* Testdo */,
				EF8180FA1E25952600909275 /* TestdoUITests */,
			);
		};
/* End PBXProject section */

/* Begin PBXResourcesBuildPhase section */
		EF5C9CBE1E258D8600BCA2B9 /* Resources */ = {
			isa = PBXResourcesBuildPhase;
			buildActionMask = 2147483647;
			files = (
				EF5C9CD01E258D8600BCA2B9 /* LaunchScreen.storyboard in Resources */,
				EF5C9CCD1E258D8600BCA2B9 /* Assets.xcassets in Resources */,
				EF5C9CCB1E258D8600BCA2B9 /* Main.storyboard in Resources */,
			);
			runOnlyForDeploymentPostprocessing = 0;
		};
		EF8180F91E25952600909275 /* Resources */ = {
			isa = PBXResourcesBuildPhase;
			buildActionMask = 2147483647;
			files = (
			);
			runOnlyForDeploymentPostprocessing = 0;
		};
/* End PBXResourcesBuildPhase section */

/* Begin PBXSourcesBuildPhase section */
		EF5C9CBC1E258D8600BCA2B9 /* Sources */ = {
			isa = PBXSourcesBuildPhase;
			buildActionMask = 2147483647;
			files = (
				EF5C9CC81E258D8600BCA2B9 /* DetailViewController.swift in Sources */,
				EF5C9CC61E258D8600BCA2B9 /* MasterViewController.swift in Sources */,
				EF5C9CC41E258D8600BCA2B9 /* AppDelegate.swift in Sources */,
			);
			runOnlyForDeploymentPostprocessing = 0;
		};
		EF8180F71E25952600909275 /* Sources */ = {
			isa = PBXSourcesBuildPhase;
			buildActionMask = 2147483647;
			files = (
				EF8180FE1E25952600909275 /* TestdoUITests.swift in Sources */,
			);
			runOnlyForDeploymentPostprocessing = 0;
		};
/* End PBXSourcesBuildPhase section */

/* Begin PBXTargetDependency section */
		EF8181011E25952600909275 /* PBXTargetDependency */ = {
			isa = PBXTargetDependency;
			target = EF5C9CBF1E258D8600BCA2B9 /* Testdo */;
			targetProxy = EF8181001E25952600909275 /* PBXContainerItemProxy */;
		};
/* End PBXTargetDependency section */

/* Begin PBXVariantGroup section */
		EF5C9CC91E258D8600BCA2B9 /* Main.storyboard */ = {
			isa = PBXVariantGroup;
			children = (
				EF5C9CCA1E258D8600BCA2B9 /* Base */,
			);
			name = Main.storyboard;
			sourceTree = "<group>";
		};
		EF5C9CCE1E258D8600BCA2B9 /* LaunchScreen.storyboard */ = {
			isa = PBXVariantGroup;
			children = (
				EF5C9CCF1E258D8600BCA2B9 /* Base */,
			);
			name = LaunchScreen.storyboard;
			sourceTree = "<group>";
		};
/* End PBXVariantGroup section */

/* Begin XCBuildConfiguration section */
		EF5C9CD21E258D8600BCA2B9 /* Debug */ = {
			isa = XCBuildConfiguration;
			buildSettings = {
				ALWAYS_SEARCH_USER_PATHS = NO;
				CLANG_ANALYZER_NONNULL = YES;
				CLANG_CXX_LANGUAGE_STANDARD = "gnu++0x";
				CLANG_CXX_LIBRARY = "libc++";
				CLANG_ENABLE_MODULES = YES;
				CLANG_ENABLE_OBJC_ARC = YES;
				CLANG_WARN_BOOL_CONVERSION = YES;
				CLANG_WARN_CONSTANT_CONVERSION = YES;
				CLANG_WARN_DIRECT_OBJC_ISA_USAGE = YES_ERROR;
				CLANG_WARN_DOCUMENTATION_COMMENTS = YES;
				CLANG_WARN_EMPTY_BODY = YES;
				CLANG_WARN_ENUM_CONVERSION = YES;
				CLANG_WARN_INFINITE_RECURSION = YES;
				CLANG_WARN_INT_CONVERSION = YES;
				CLANG_WARN_OBJC_ROOT_CLASS = YES_ERROR;
				CLANG_WARN_SUSPICIOUS_MOVE = YES;
				CLANG_WARN_UNREACHABLE_CODE = YES;
				CLANG_WARN__DUPLICATE_METHOD_MATCH = YES;
				"CODE_SIGN_IDENTITY[sdk=iphoneos*]" = "iPhone Developer";
				COPY_PHASE_STRIP = NO;
				DEBUG_INFORMATION_FORMAT = dwarf;
				ENABLE_STRICT_OBJC_MSGSEND = YES;
				ENABLE_TESTABILITY = YES;
				GCC_C_LANGUAGE_STANDARD = gnu99;
				GCC_DYNAMIC_NO_PIC = NO;
				GCC_NO_COMMON_BLOCKS = YES;
				GCC_OPTIMIZATION_LEVEL = 0;
				GCC_PREPROCESSOR_DEFINITIONS = (
					"DEBUG=1",
					"$(inherited)",
				);
				GCC_WARN_64_TO_32_BIT_CONVERSION = YES;
				GCC_WARN_ABOUT_RETURN_TYPE = YES_ERROR;
				GCC_WARN_UNDECLARED_SELECTOR = YES;
				GCC_WARN_UNINITIALIZED_AUTOS = YES_AGGRESSIVE;
				GCC_WARN_UNUSED_FUNCTION = YES;
				GCC_WARN_UNUSED_VARIABLE = YES;
				IPHONEOS_DEPLOYMENT_TARGET = 10.2;
				MTL_ENABLE_DEBUG_INFO = YES;
				ONLY_ACTIVE_ARCH = YES;
				SDKROOT = iphoneos;
				SWIFT_ACTIVE_COMPILATION_CONDITIONS = DEBUG;
				SWIFT_OPTIMIZATION_LEVEL = "-Onone";
			};
			name = Debug;
		};
		EF5C9CD31E258D8600BCA2B9 /* Release */ = {
			isa = XCBuildConfiguration;
			buildSettings = {
				ALWAYS_SEARCH_USER_PATHS = NO;
				CLANG_ANALYZER_NONNULL = YES;
				CLANG_CXX_LANGUAGE_STANDARD = "gnu++0x";
				CLANG_CXX_LIBRARY = "libc++";
				CLANG_ENABLE_MODULES = YES;
				CLANG_ENABLE_OBJC_ARC = YES;
				CLANG_WARN_BOOL_CONVERSION = YES;
				CLANG_WARN_CONSTANT_CONVERSION = YES;
				CLANG_WARN_DIRECT_OBJC_ISA_USAGE = YES_ERROR;
				CLANG_WARN_DOCUMENTATION_COMMENTS = YES;
				CLANG_WARN_EMPTY_BODY = YES;
				CLANG_WARN_ENUM_CONVERSION = YES;
				CLANG_WARN_INFINITE_RECURSION = YES;
				CLANG_WARN_INT_CONVERSION = YES;
				CLANG_WARN_OBJC_ROOT_CLASS = YES_ERROR;
				CLANG_WARN_SUSPICIOUS_MOVE = YES;
				CLANG_WARN_UNREACHABLE_CODE = YES;
				CLANG_WARN__DUPLICATE_METHOD_MATCH = YES;
				"CODE_SIGN_IDENTITY[sdk=iphoneos*]" = "iPhone Developer";
				COPY_PHASE_STRIP = NO;
				DEBUG_INFORMATION_FORMAT = "dwarf-with-dsym";
				ENABLE_NS_ASSERTIONS = NO;
				ENABLE_STRICT_OBJC_MSGSEND = YES;
				GCC_C_LANGUAGE_STANDARD = gnu99;
				GCC_NO_COMMON_BLOCKS = YES;
				GCC_WARN_64_TO_32_BIT_CONVERSION = YES;
				GCC_WARN_ABOUT_RETURN_TYPE = YES_ERROR;
				GCC_WARN_UNDECLARED_SELECTOR = YES;
				GCC_WARN_UNINITIALIZED_AUTOS = YES_AGGRESSIVE;
				GCC_WARN_UNUSED_FUNCTION = YES;
				GCC_WARN_UNUSED_VARIABLE = YES;
				IPHONEOS_DEPLOYMENT_TARGET = 10.2;
				MTL_ENABLE_DEBUG_INFO = NO;
				SDKROOT = iphoneos;
				SWIFT_OPTIMIZATION_LEVEL = "-Owholemodule";
				VALIDATE_PRODUCT = YES;
			};
			name = Release;
		};
		EF5C9CD51E258D8600BCA2B9 /* Debug */ = {
			isa = XCBuildConfiguration;
			buildSettings = {
				ASSETCATALOG_COMPILER_APPICON_NAME = AppIcon;
				INFOPLIST_FILE = Testdo/Info.plist;
				LD_RUNPATH_SEARCH_PATHS = "$(inherited) @executable_path/Frameworks";
				PRODUCT_BUNDLE_IDENTIFIER = com.frozenfirestudios.Testdo;
				PRODUCT_NAME = "$(TARGET_NAME)";
				SWIFT_VERSION = 3.0;
			};
			name = Debug;
		};
		EF5C9CD61E258D8600BCA2B9 /* Release */ = {
			isa = XCBuildConfiguration;
			buildSettings = {
				ASSETCATALOG_COMPILER_APPICON_NAME = AppIcon;
				INFOPLIST_FILE = Testdo/Info.plist;
				LD_RUNPATH_SEARCH_PATHS = "$(inherited) @executable_path/Frameworks";
				PRODUCT_BUNDLE_IDENTIFIER = com.frozenfirestudios.Testdo;
				PRODUCT_NAME = "$(TARGET_NAME)";
				SWIFT_VERSION = 3.0;
			};
			name = Release;
		};
		EF8181021E25952600909275 /* Debug */ = {
			isa = XCBuildConfiguration;
			buildSettings = {
				INFOPLIST_FILE = TestdoUITests/Info.plist;
				LD_RUNPATH_SEARCH_PATHS = "$(inherited) @executable_path/Frameworks @loader_path/Frameworks";
				PRODUCT_BUNDLE_IDENTIFIER = com.frozenfirestudios.TestdoUITests;
				PRODUCT_NAME = "$(TARGET_NAME)";
				SWIFT_VERSION = 3.0;
				TEST_TARGET_NAME = Testdo;
			};
			name = Debug;
		};
		EF8181031E25952600909275 /* Release */ = {
			isa = XCBuildConfiguration;
			buildSettings = {
				INFOPLIST_FILE = TestdoUITests/Info.plist;
				LD_RUNPATH_SEARCH_PATHS = "$(inherited) @executable_path/Frameworks @loader_path/Frameworks";
				PRODUCT_BUNDLE_IDENTIFIER = com.frozenfirestudios.TestdoUITests;
				PRODUCT_NAME = "$(TARGET_NAME)";
				SWIFT_VERSION = 3.0;
				TEST_TARGET_NAME = Testdo;
			};
			name = Release;
		};
/* End XCBuildConfiguration section */

/* Begin XCConfigurationList section */
		EF5C9CBB1E258D8600BCA2B9 /* Build configuration list for PBXProject "Testdo" */ = {
			isa = XCConfigurationList;
			buildConfigurations = (
				EF5C9CD21E258D8600BCA2B9 /* Debug */,
				EF5C9CD31E258D8600BCA2B9 /* Release */,
			);
			defaultConfigurationIsVisible = 0;
			defaultConfigurationName = Release;
		};
		EF5C9CD41E258D8600BCA2B9 /* Build configuration list for PBXNativeTarget "Testdo" */ = {
			isa = XCConfigurationList;
			buildConfigurations = (
				EF5C9CD51E258D8600BCA2B9 /* Debug */,
				EF5C9CD61E258D8600BCA2B9 /* Release */,
			);
			defaultConfigurationIsVisible = 0;
			defaultConfigurationName = Release;
		};
		EF8181041E25952600909275 /* Build configuration list for PBXNativeTarget "TestdoUITests" */ = {
			isa = XCConfigurationList;
			buildConfigurations = (
				EF8181021E25952600909275 /* Debug */,
				EF8181031E25952600909275 /* Release */,
			);
			defaultConfigurationIsVisible = 0;
		};
/* End XCConfigurationList section */
	};
	rootObject = EF5C9CB81E258D8600BCA2B9 /* Project object */;
}
